
Microsoft Visual Studio Solution File, Format Version 12.00
# Visual Studio Version 17
VisualStudioVersion = 17.4.33403.182
MinimumVisualStudioVersion = 10.0.40219.1
Project("{FAE04EC0-301F-11D3-BF4B-00C04F79EFBC}") = "FinanceManagementApp", "FinanceManagementApp.csproj", "{C811C265-5766-4D5D-BEBD-BC5F4FD3ED6F}"
EndProject
Project("{9A19103F-16F7-4668-BE54-9A1E7A4F7556}") = "FinanceManagementApp.Tests", "..\FinanceManagementApp.Tests\FinanceManagementApp.Tests.csproj", "{BF546F80-85DA-4000-8F42-C939F4C4B7E7}"
EndProject
Global
	GlobalSection(SolutionConfigurationPlatforms) = preSolution
		Debug|Any CPU = Debug|Any CPU
		Release|Any CPU = Release|Any CPU
	EndGlobalSection
	GlobalSection(ProjectConfigurationPlatforms) = postSolution
		{C811C265-5766-4D5D-BEBD-BC5F4FD3ED6F}.Debug|Any CPU.ActiveCfg = Debug|Any CPU
		{C811C265-5766-4D5D-BEBD-BC5F4FD3ED6F}.Debug|Any CPU.Build.0 = Debug|Any CPU
		{C811C265-5766-4D5D-BEBD-BC5F4FD3ED6F}.Release|Any CPU.ActiveCfg = Release|Any CPU
		{C811C265-5766-4D5D-BEBD-BC5F4FD3ED6F}.Release|Any CPU.Build.0 = Release|Any CPU
		{BF546F80-85DA-4000-8F42-C939F4C4B7E7}.Debug|Any CPU.ActiveCfg = Debug|Any CPU
		{BF546F80-85DA-4000-8F42-C939F4C4B7E7}.Debug|Any CPU.Build.0 = Debug|Any CPU
		{BF546F80-85DA-4000-8F42-C939F4C4B7E7}.Release|Any CPU.ActiveCfg = Release|Any CPU
		{BF546F80-85DA-4000-8F42-C939F4C4B7E7}.Release|Any CPU.Build.0 = Release|Any CPU
	EndGlobalSection
	GlobalSection(SolutionProperties) = preSolution
		HideSolutionNode = FALSE
	EndGlobalSection
	GlobalSection(ExtensibilityGlobals) = postSolution
		SolutionGuid = {9F50B7FE-70C9-414D-97C6-2778AAF250C5}
	EndGlobalSection
EndGlobal
